// !$*UTF8*$!
{
	archiveVersion = 1;
	classes = {
	};
	objectVersion = 46;
	objects = {

/* Begin PBXBuildFile section */
		3451D17C1EF0C7710005B754 /* CoreLocation.framework in Frameworks */ = {isa = PBXBuildFile; fileRef = 3451D17B1EF0C7710005B754 /* CoreLocation.framework */; };
		34D75C651EED7E340065F1DE /* AppDelegate.swift in Sources */ = {isa = PBXBuildFile; fileRef = 34D75C641EED7E340065F1DE /* AppDelegate.swift */; };
		34D75C671EED7E340065F1DE /* ViewController.swift in Sources */ = {isa = PBXBuildFile; fileRef = 34D75C661EED7E340065F1DE /* ViewController.swift */; };
		34D75C6A1EED7E340065F1DE /* Main.storyboard in Resources */ = {isa = PBXBuildFile; fileRef = 34D75C681EED7E340065F1DE /* Main.storyboard */; };
		34D75C6C1EED7E340065F1DE /* Assets.xcassets in Resources */ = {isa = PBXBuildFile; fileRef = 34D75C6B1EED7E340065F1DE /* Assets.xcassets */; };
		34D75C6F1EED7E340065F1DE /* LaunchScreen.storyboard in Resources */ = {isa = PBXBuildFile; fileRef = 34D75C6D1EED7E340065F1DE /* LaunchScreen.storyboard */; };
/* End PBXBuildFile section */

/* Begin PBXFileReference section */
		3451D17B1EF0C7710005B754 /* CoreLocation.framework */ = {isa = PBXFileReference; lastKnownFileType = wrapper.framework; name = CoreLocation.framework; path = System/Library/Frameworks/CoreLocation.framework; sourceTree = SDKROOT; };
		34D75C611EED7E340065F1DE /* Onde Estou.app */ = {isa = PBXFileReference; explicitFileType = wrapper.application; includeInIndex = 0; path = "Onde Estou.app"; sourceTree = BUILT_PRODUCTS_DIR; };
		34D75C641EED7E340065F1DE /* AppDelegate.swift */ = {isa = PBXFileReference; lastKnownFileType = sourcecode.swift; path = AppDelegate.swift; sourceTree = "<group>"; };
		34D75C661EED7E340065F1DE /* ViewController.swift */ = {isa = PBXFileReference; lastKnownFileType = sourcecode.swift; path = ViewController.swift; sourceTree = "<group>"; };
		34D75C691EED7E340065F1DE /* Base */ = {isa = PBXFileReference; lastKnownFileType = file.storyboard; name = Base; path = Base.lproj/Main.storyboard; sourceTree = "<group>"; };
		34D75C6B1EED7E340065F1DE /* Assets.xcassets */ = {isa = PBXFileReference; lastKnownFileType = folder.assetcatalog; path = Assets.xcassets; sourceTree = "<group>"; };
		34D75C6E1EED7E340065F1DE /* Base */ = {isa = PBXFileReference; lastKnownFileType = file.storyboard; name = Base; path = Base.lproj/LaunchScreen.storyboard; sourceTree = "<group>"; };
		34D75C701EED7E340065F1DE /* Info.plist */ = {isa = PBXFileReference; lastKnownFileType = text.plist.xml; path = Info.plist; sourceTree = "<group>"; };
/* End PBXFileReference section */

/* Begin PBXFrameworksBuildPhase section */
		34D75C5E1EED7E340065F1DE /* Frameworks */ = {
			isa = PBXFrameworksBuildPhase;
			buildActionMask = 2147483647;
			files = (
				3451D17C1EF0C7710005B754 /* CoreLocation.framework in Frameworks */,
			);
			runOnlyForDeploymentPostprocessing = 0;
		};
/* End PBXFrameworksBuildPhase section */

/* Begin PBXGroup section */
		3451D17A1EF0C7710005B754 /* Frameworks */ = {
			isa = PBXGroup;
			children = (
				3451D17B1EF0C7710005B754 /* CoreLocation.framework */,
			);
			name = Frameworks;
			sourceTree = "<group>";
		};
		34D75C581EED7E340065F1DE = {
			isa = PBXGroup;
			children = (
				34D75C631EED7E340065F1DE /* Onde Estou */,
				34D75C621EED7E340065F1DE /* Products */,
				3451D17A1EF0C7710005B754 /* Frameworks */,
			);
			sourceTree = "<group>";
		};
		34D75C621EED7E340065F1DE /* Products */ = {
			isa = PBXGroup;
			children = (
				34D75C611EED7E340065F1DE /* Onde Estou.app */,
			);
			name = Products;
			sourceTree = "<group>";
		};
		34D75C631EED7E340065F1DE /* Onde Estou */ = {
			isa = PBXGroup;
			children = (
				34D75C641EED7E340065F1DE /* AppDelegate.swift */,
				34D75C661EED7E340065F1DE /* ViewController.swift */,
				34D75C681EED7E340065F1DE /* Main.storyboard */,
				34D75C6B1EED7E340065F1DE /* Assets.xcassets */,
				34D75C6D1EED7E340065F1DE /* LaunchScreen.storyboard */,
				34D75C701EED7E340065F1DE /* Info.plist */,
			);
			path = "Onde Estou";
			sourceTree = "<group>";
		};
/* End PBXGroup section */

/* Begin PBXNativeTarget section */
		34D75C601EED7E340065F1DE /* Onde Estou */ = {
			isa = PBXNativeTarget;
			buildConfigurationList = 34D75C731EED7E340065F1DE /* Build configuration list for PBXNativeTarget "Onde Estou" */;
			buildPhases = (
				34D75C5D1EED7E340065F1DE /* Sources */,
				34D75C5E1EED7E340065F1DE /* Frameworks */,
				34D75C5F1EED7E340065F1DE /* Resources */,
			);
			buildRules = (
			);
			dependencies = (
			);
			name = "Onde Estou";
			productName = "Onde Estou";
			productReference = 34D75C611EED7E340065F1DE /* Onde Estou.app */;
			productType = "com.apple.product-type.application";
		};
/* End PBXNativeTarget section */

/* Begin PBXProject section */
		34D75C591EED7E340065F1DE /* Project object */ = {
			isa = PBXProject;
			attributes = {
				LastSwiftUpdateCheck = 0830;
				LastUpgradeCheck = 0830;
				ORGANIZATIONNAME = "Rlz System";
				TargetAttributes = {
					34D75C601EED7E340065F1DE = {
						CreatedOnToolsVersion = 8.3.2;
						ProvisioningStyle = Automatic;
					};
				};
			};
			buildConfigurationList = 34D75C5C1EED7E340065F1DE /* Build configuration list for PBXProject "Onde Estou" */;
			compatibilityVersion = "Xcode 3.2";
			developmentRegion = English;
			hasScannedForEncodings = 0;
			knownRegions = (
				en,
				Base,
			);
			mainGroup = 34D75C581EED7E340065F1DE;
			productRefGroup = 34D75C621EED7E340065F1DE /* Products */;
			projectDirPath = "";
			projectRoot = "";
			targets = (
				34D75C601EED7E340065F1DE /* Onde Estou */,
			);
		};
/* End PBXProject section */

/* Begin PBXResourcesBuildPhase section */
		34D75C5F1EED7E340065F1DE /* Resources */ = {
			isa = PBXResourcesBuildPhase;
			buildActionMask = 2147483647;
			files = (
				34D75C6F1EED7E340065F1DE /* LaunchScreen.storyboard in Resources */,
				34D75C6C1EED7E340065F1DE /* Assets.xcassets in Resources */,
				34D75C6A1EED7E340065F1DE /* Main.storyboard in Resources */,
			);
			runOnlyForDeploymentPostprocessing = 0;
		};
/* End PBXResourcesBuildPhase section */

/* Begin PBXSourcesBuildPhase section */
		34D75C5D1EED7E340065F1DE /* Sources */ = {
			isa = PBXSourcesBuildPhase;
			buildActionMask = 2147483647;
			files = (
				34D75C671EED7E340065F1DE /* ViewController.swift in Sources */,
				34D75C651EED7E340065F1DE /* AppDelegate.swift in Sources */,
			);
			runOnlyForDeploymentPostprocessing = 0;
		};
/* End PBXSourcesBuildPhase section */

/* Begin PBXVariantGroup section */
		34D75C681EED7E340065F1DE /* Main.storyboard */ = {
			isa = PBXVariantGroup;
			children = (
				34D75C691EED7E340065F1DE /* Base */,
			);
			name = Main.storyboard;
			sourceTree = "<group>";
		};
		34D75C6D1EED7E340065F1DE /* LaunchScreen.storyboard */ = {
			isa = PBXVariantGroup;
			children = (
				34D75C6E1EED7E340065F1DE /* Base */,
			);
			name = LaunchScreen.storyboard;
			sourceTree = "<group>";
		};
/* End PBXVariantGroup section */

/* Begin XCBuildConfiguration section */
		34D75C711EED7E340065F1DE /* Debug */ = {
			isa = XCBuildConfiguration;
			buildSettings = {
				ALWAYS_SEARCH_USER_PATHS = NO;
				CLANG_ANALYZER_NONNULL = YES;
				CLANG_ANALYZER_NUMBER_OBJECT_CONVERSION = YES_AGGRESSIVE;
				CLANG_CXX_LANGUAGE_STANDARD = "gnu++0x";
				CLANG_CXX_LIBRARY = "libc++";
				CLANG_ENABLE_MODULES = YES;
				CLANG_ENABLE_OBJC_ARC = YES;
				CLANG_WARN_BOOL_CONVERSION = YES;
				CLANG_WARN_CONSTANT_CONVERSION = YES;
				CLANG_WARN_DIRECT_OBJC_ISA_USAGE = YES_ERROR;
				CLANG_WARN_DOCUMENTATION_COMMENTS = YES;
				CLANG_WARN_EMPTY_BODY = YES;
				CLANG_WARN_ENUM_CONVERSION = YES;
				CLANG_WARN_INFINITE_RECURSION = YES;
				CLANG_WARN_INT_CONVERSION = YES;
				CLANG_WARN_OBJC_ROOT_CLASS = YES_ERROR;
				CLANG_WARN_SUSPICIOUS_MOVE = YES;
				CLANG_WARN_UNREACHABLE_CODE = YES;
				CLANG_WARN__DUPLICATE_METHOD_MATCH = YES;
				"CODE_SIGN_IDENTITY[sdk=iphoneos*]" = "iPhone Developer";
				COPY_PHASE_STRIP = NO;
				DEBUG_INFORMATION_FORMAT = dwarf;
				ENABLE_STRICT_OBJC_MSGSEND = YES;
				ENABLE_TESTABILITY = YES;
				GCC_C_LANGUAGE_STANDARD = gnu99;
				GCC_DYNAMIC_NO_PIC = NO;
				GCC_NO_COMMON_BLOCKS = YES;
				GCC_OPTIMIZATION_LEVEL = 0;
				GCC_PREPROCESSOR_DEFINITIONS = (
					"DEBUG=1",
					"$(inherited)",
				);
				GCC_WARN_64_TO_32_BIT_CONVERSION = YES;
				GCC_WARN_ABOUT_RETURN_TYPE = YES_ERROR;
				GCC_WARN_UNDECLARED_SELECTOR = YES;
				GCC_WARN_UNINITIALIZED_AUTOS = YES_AGGRESSIVE;
				GCC_WARN_UNUSED_FUNCTION = YES;
				GCC_WARN_UNUSED_VARIABLE = YES;
				IPHONEOS_DEPLOYMENT_TARGET = 10.3;
				MTL_ENABLE_DEBUG_INFO = YES;
				ONLY_ACTIVE_ARCH = YES;
				SDKROOT = iphoneos;
				SWIFT_ACTIVE_COMPILATION_CONDITIONS = DEBUG;
				SWIFT_OPTIMIZATION_LEVEL = "-Onone";
				TARGETED_DEVICE_FAMILY = "1,2";
			};
			name = Debug;
		};
		34D75C721EED7E340065F1DE /* Release */ = {
			isa = XCBuildConfiguration;
			buildSettings = {
				ALWAYS_SEARCH_USER_PATHS = NO;
				CLANG_ANALYZER_NONNULL = YES;
				CLANG_ANALYZER_NUMBER_OBJECT_CONVERSION = YES_AGGRESSIVE;
				CLANG_CXX_LANGUAGE_STANDARD = "gnu++0x";
				CLANG_CXX_LIBRARY = "libc++";
				CLANG_ENABLE_MODULES = YES;
				CLANG_ENABLE_OBJC_ARC = YES;
				CLANG_WARN_BOOL_CONVERSION = YES;
				CLANG_WARN_CONSTANT_CONVERSION = YES;
				CLANG_WARN_DIRECT_OBJC_ISA_USAGE = YES_ERROR;
				CLANG_WARN_DOCUMENTATION_COMMENTS = YES;
				CLANG_WARN_EMPTY_BODY = YES;
				CLANG_WARN_ENUM_CONVERSION = YES;
				CLANG_WARN_INFINITE_RECURSION = YES;
				CLANG_WARN_INT_CONVERSION = YES;
				CLANG_WARN_OBJC_ROOT_CLASS = YES_ERROR;
				CLANG_WARN_SUSPICIOUS_MOVE = YES;
				CLANG_WARN_UNREACHABLE_CODE = YES;
				CLANG_WARN__DUPLICATE_METHOD_MATCH = YES;
				"CODE_SIGN_IDENTITY[sdk=iphoneos*]" = "iPhone Developer";
				COPY_PHASE_STRIP = NO;
				DEBUG_INFORMATION_FORMAT = "dwarf-with-dsym";
				ENABLE_NS_ASSERTIONS = NO;
				ENABLE_STRICT_OBJC_MSGSEND = YES;
				GCC_C_LANGUAGE_STANDARD = gnu99;
				GCC_NO_COMMON_BLOCKS = YES;
				GCC_WARN_64_TO_32_BIT_CONVERSION = YES;
				GCC_WARN_ABOUT_RETURN_TYPE = YES_ERROR;
				GCC_WARN_UNDECLARED_SELECTOR = YES;
				GCC_WARN_UNINITIALIZED_AUTOS = YES_AGGRESSIVE;
				GCC_WARN_UNUSED_FUNCTION = YES;
				GCC_WARN_UNUSED_VARIABLE = YES;
				IPHONEOS_DEPLOYMENT_TARGET = 10.3;
				MTL_ENABLE_DEBUG_INFO = NO;
				SDKROOT = iphoneos;
				SWIFT_OPTIMIZATION_LEVEL = "-Owholemodule";
				TARGETED_DEVICE_FAMILY = "1,2";
				VALIDATE_PRODUCT = YES;
			};
			name = Release;
		};
		34D75C741EED7E340065F1DE /* Debug */ = {
			isa = XCBuildConfiguration;
			buildSettings = {
				ASSETCATALOG_COMPILER_APPICON_NAME = AppIcon;
				INFOPLIST_FILE = "Onde Estou/Info.plist";
				LD_RUNPATH_SEARCH_PATHS = "$(inherited) @executable_path/Frameworks";
				PRODUCT_BUNDLE_IDENTIFIER = "com.rlzsystem.udemy.Onde-Estou";
				PRODUCT_NAME = "$(TARGET_NAME)";
				SWIFT_VERSION = 3.0;
			};
			name = Debug;
		};
		34D75C751EED7E340065F1DE /* Release */ = {
			isa = XCBuildConfiguration;
			buildSettings = {
				ASSETCATALOG_COMPILER_APPICON_NAME = AppIcon;
				INFOPLIST_FILE = "Onde Estou/Info.plist";
				LD_RUNPATH_SEARCH_PATHS = "$(inherited) @executable_path/Frameworks";
				PRODUCT_BUNDLE_IDENTIFIER = "com.rlzsystem.udemy.Onde-Estou";
				PRODUCT_NAME = "$(TARGET_NAME)";
				SWIFT_VERSION = 3.0;
			};
			name = Release;
		};
/* End XCBuildConfiguration section */

/* Begin XCConfigurationList section */
		34D75C5C1EED7E340065F1DE /* Build configuration list for PBXProject "Onde Estou" */ = {
			isa = XCConfigurationList;
			buildConfigurations = (
				34D75C711EED7E340065F1DE /* Debug */,
				34D75C721EED7E340065F1DE /* Release */,
			);
			defaultConfigurationIsVisible = 0;
			defaultConfigurationName = Release;
		};
		34D75C731EED7E340065F1DE /* Build configuration list for PBXNativeTarget "Onde Estou" */ = {
			isa = XCConfigurationList;
			buildConfigurations = (
				34D75C741EED7E340065F1DE /* Debug */,
				34D75C751EED7E340065F1DE /* Release */,
			);
			defaultConfigurationIsVisible = 0;
			defaultConfigurationName = Release;
		};
/* End XCConfigurationList section */
	};
	rootObject = 34D75C591EED7E340065F1DE /* Project object */;
}
