// !$*UTF8*$!
{
	archiveVersion = 1;
	classes = {
	};
	objectVersion = 46;
	objects = {

/* Begin PBXBuildFile section */
		341D353F1EFA0F53007FDB8A /* AppDelegate.swift in Sources */ = {isa = PBXBuildFile; fileRef = 341D353E1EFA0F53007FDB8A /* AppDelegate.swift */; };
		341D35411EFA0F53007FDB8A /* ViewController.swift in Sources */ = {isa = PBXBuildFile; fileRef = 341D35401EFA0F53007FDB8A /* ViewController.swift */; };
		341D35441EFA0F53007FDB8A /* Main.storyboard in Resources */ = {isa = PBXBuildFile; fileRef = 341D35421EFA0F53007FDB8A /* Main.storyboard */; };
		341D35461EFA0F53007FDB8A /* Assets.xcassets in Resources */ = {isa = PBXBuildFile; fileRef = 341D35451EFA0F53007FDB8A /* Assets.xcassets */; };
		341D35491EFA0F53007FDB8A /* LaunchScreen.storyboard in Resources */ = {isa = PBXBuildFile; fileRef = 341D35471EFA0F53007FDB8A /* LaunchScreen.storyboard */; };
		341D35511EFA14B0007FDB8A /* LocaisViagemViewController.swift in Sources */ = {isa = PBXBuildFile; fileRef = 341D35501EFA14B0007FDB8A /* LocaisViagemViewController.swift */; };
		34A8CC231EFE9009008660B2 /* RepositorioViagem.swift in Sources */ = {isa = PBXBuildFile; fileRef = 34A8CC221EFE9009008660B2 /* RepositorioViagem.swift */; };
/* End PBXBuildFile section */

/* Begin PBXFileReference section */
		341D353B1EFA0F53007FDB8A /* Minhas Viagens.app */ = {isa = PBXFileReference; explicitFileType = wrapper.application; includeInIndex = 0; path = "Minhas Viagens.app"; sourceTree = BUILT_PRODUCTS_DIR; };
		341D353E1EFA0F53007FDB8A /* AppDelegate.swift */ = {isa = PBXFileReference; lastKnownFileType = sourcecode.swift; path = AppDelegate.swift; sourceTree = "<group>"; };
		341D35401EFA0F53007FDB8A /* ViewController.swift */ = {isa = PBXFileReference; lastKnownFileType = sourcecode.swift; path = ViewController.swift; sourceTree = "<group>"; };
		341D35431EFA0F53007FDB8A /* Base */ = {isa = PBXFileReference; lastKnownFileType = file.storyboard; name = Base; path = Base.lproj/Main.storyboard; sourceTree = "<group>"; };
		341D35451EFA0F53007FDB8A /* Assets.xcassets */ = {isa = PBXFileReference; lastKnownFileType = folder.assetcatalog; path = Assets.xcassets; sourceTree = "<group>"; };
		341D35481EFA0F53007FDB8A /* Base */ = {isa = PBXFileReference; lastKnownFileType = file.storyboard; name = Base; path = Base.lproj/LaunchScreen.storyboard; sourceTree = "<group>"; };
		341D354A1EFA0F53007FDB8A /* Info.plist */ = {isa = PBXFileReference; lastKnownFileType = text.plist.xml; path = Info.plist; sourceTree = "<group>"; };
		341D35501EFA14B0007FDB8A /* LocaisViagemViewController.swift */ = {isa = PBXFileReference; fileEncoding = 4; lastKnownFileType = sourcecode.swift; path = LocaisViagemViewController.swift; sourceTree = "<group>"; };
		34A8CC221EFE9009008660B2 /* RepositorioViagem.swift */ = {isa = PBXFileReference; fileEncoding = 4; lastKnownFileType = sourcecode.swift; path = RepositorioViagem.swift; sourceTree = "<group>"; };
/* End PBXFileReference section */

/* Begin PBXFrameworksBuildPhase section */
		341D35381EFA0F53007FDB8A /* Frameworks */ = {
			isa = PBXFrameworksBuildPhase;
			buildActionMask = 2147483647;
			files = (
			);
			runOnlyForDeploymentPostprocessing = 0;
		};
/* End PBXFrameworksBuildPhase section */

/* Begin PBXGroup section */
		341D35321EFA0F53007FDB8A = {
			isa = PBXGroup;
			children = (
				341D353D1EFA0F53007FDB8A /* Minhas Viagens */,
				341D353C1EFA0F53007FDB8A /* Products */,
			);
			sourceTree = "<group>";
		};
		341D353C1EFA0F53007FDB8A /* Products */ = {
			isa = PBXGroup;
			children = (
				341D353B1EFA0F53007FDB8A /* Minhas Viagens.app */,
			);
			name = Products;
			sourceTree = "<group>";
		};
		341D353D1EFA0F53007FDB8A /* Minhas Viagens */ = {
			isa = PBXGroup;
			children = (
				341D353E1EFA0F53007FDB8A /* AppDelegate.swift */,
				341D35401EFA0F53007FDB8A /* ViewController.swift */,
				341D35421EFA0F53007FDB8A /* Main.storyboard */,
				341D35501EFA14B0007FDB8A /* LocaisViagemViewController.swift */,
				341D35451EFA0F53007FDB8A /* Assets.xcassets */,
				341D35471EFA0F53007FDB8A /* LaunchScreen.storyboard */,
				341D354A1EFA0F53007FDB8A /* Info.plist */,
				34A8CC221EFE9009008660B2 /* RepositorioViagem.swift */,
			);
			path = "Minhas Viagens";
			sourceTree = "<group>";
		};
/* End PBXGroup section */

/* Begin PBXNativeTarget section */
		341D353A1EFA0F53007FDB8A /* Minhas Viagens */ = {
			isa = PBXNativeTarget;
			buildConfigurationList = 341D354D1EFA0F53007FDB8A /* Build configuration list for PBXNativeTarget "Minhas Viagens" */;
			buildPhases = (
				341D35371EFA0F53007FDB8A /* Sources */,
				341D35381EFA0F53007FDB8A /* Frameworks */,
				341D35391EFA0F53007FDB8A /* Resources */,
			);
			buildRules = (
			);
			dependencies = (
			);
			name = "Minhas Viagens";
			productName = "Minhas Viagens";
			productReference = 341D353B1EFA0F53007FDB8A /* Minhas Viagens.app */;
			productType = "com.apple.product-type.application";
		};
/* End PBXNativeTarget section */

/* Begin PBXProject section */
		341D35331EFA0F53007FDB8A /* Project object */ = {
			isa = PBXProject;
			attributes = {
				LastSwiftUpdateCheck = 0830;
				LastUpgradeCheck = 0830;
				ORGANIZATIONNAME = "Rlz System";
				TargetAttributes = {
					341D353A1EFA0F53007FDB8A = {
						CreatedOnToolsVersion = 8.3.2;
						ProvisioningStyle = Automatic;
					};
				};
			};
			buildConfigurationList = 341D35361EFA0F53007FDB8A /* Build configuration list for PBXProject "Minhas Viagens" */;
			compatibilityVersion = "Xcode 3.2";
			developmentRegion = English;
			hasScannedForEncodings = 0;
			knownRegions = (
				en,
				Base,
			);
			mainGroup = 341D35321EFA0F53007FDB8A;
			productRefGroup = 341D353C1EFA0F53007FDB8A /* Products */;
			projectDirPath = "";
			projectRoot = "";
			targets = (
				341D353A1EFA0F53007FDB8A /* Minhas Viagens */,
			);
		};
/* End PBXProject section */

/* Begin PBXResourcesBuildPhase section */
		341D35391EFA0F53007FDB8A /* Resources */ = {
			isa = PBXResourcesBuildPhase;
			buildActionMask = 2147483647;
			files = (
				341D35491EFA0F53007FDB8A /* LaunchScreen.storyboard in Resources */,
				341D35461EFA0F53007FDB8A /* Assets.xcassets in Resources */,
				341D35441EFA0F53007FDB8A /* Main.storyboard in Resources */,
			);
			runOnlyForDeploymentPostprocessing = 0;
		};
/* End PBXResourcesBuildPhase section */

/* Begin PBXSourcesBuildPhase section */
		341D35371EFA0F53007FDB8A /* Sources */ = {
			isa = PBXSourcesBuildPhase;
			buildActionMask = 2147483647;
			files = (
				341D35411EFA0F53007FDB8A /* ViewController.swift in Sources */,
				341D353F1EFA0F53007FDB8A /* AppDelegate.swift in Sources */,
				34A8CC231EFE9009008660B2 /* RepositorioViagem.swift in Sources */,
				341D35511EFA14B0007FDB8A /* LocaisViagemViewController.swift in Sources */,
			);
			runOnlyForDeploymentPostprocessing = 0;
		};
/* End PBXSourcesBuildPhase section */

/* Begin PBXVariantGroup section */
		341D35421EFA0F53007FDB8A /* Main.storyboard */ = {
			isa = PBXVariantGroup;
			children = (
				341D35431EFA0F53007FDB8A /* Base */,
			);
			name = Main.storyboard;
			sourceTree = "<group>";
		};
		341D35471EFA0F53007FDB8A /* LaunchScreen.storyboard */ = {
			isa = PBXVariantGroup;
			children = (
				341D35481EFA0F53007FDB8A /* Base */,
			);
			name = LaunchScreen.storyboard;
			sourceTree = "<group>";
		};
/* End PBXVariantGroup section */

/* Begin XCBuildConfiguration section */
		341D354B1EFA0F53007FDB8A /* Debug */ = {
			isa = XCBuildConfiguration;
			buildSettings = {
				ALWAYS_SEARCH_USER_PATHS = NO;
				CLANG_ANALYZER_NONNULL = YES;
				CLANG_ANALYZER_NUMBER_OBJECT_CONVERSION = YES_AGGRESSIVE;
				CLANG_CXX_LANGUAGE_STANDARD = "gnu++0x";
				CLANG_CXX_LIBRARY = "libc++";
				CLANG_ENABLE_MODULES = YES;
				CLANG_ENABLE_OBJC_ARC = YES;
				CLANG_WARN_BOOL_CONVERSION = YES;
				CLANG_WARN_CONSTANT_CONVERSION = YES;
				CLANG_WARN_DIRECT_OBJC_ISA_USAGE = YES_ERROR;
				CLANG_WARN_DOCUMENTATION_COMMENTS = YES;
				CLANG_WARN_EMPTY_BODY = YES;
				CLANG_WARN_ENUM_CONVERSION = YES;
				CLANG_WARN_INFINITE_RECURSION = YES;
				CLANG_WARN_INT_CONVERSION = YES;
				CLANG_WARN_OBJC_ROOT_CLASS = YES_ERROR;
				CLANG_WARN_SUSPICIOUS_MOVE = YES;
				CLANG_WARN_UNREACHABLE_CODE = YES;
				CLANG_WARN__DUPLICATE_METHOD_MATCH = YES;
				"CODE_SIGN_IDENTITY[sdk=iphoneos*]" = "iPhone Developer";
				COPY_PHASE_STRIP = NO;
				DEBUG_INFORMATION_FORMAT = dwarf;
				ENABLE_STRICT_OBJC_MSGSEND = YES;
				ENABLE_TESTABILITY = YES;
				GCC_C_LANGUAGE_STANDARD = gnu99;
				GCC_DYNAMIC_NO_PIC = NO;
				GCC_NO_COMMON_BLOCKS = YES;
				GCC_OPTIMIZATION_LEVEL = 0;
				GCC_PREPROCESSOR_DEFINITIONS = (
					"DEBUG=1",
					"$(inherited)",
				);
				GCC_WARN_64_TO_32_BIT_CONVERSION = YES;
				GCC_WARN_ABOUT_RETURN_TYPE = YES_ERROR;
				GCC_WARN_UNDECLARED_SELECTOR = YES;
				GCC_WARN_UNINITIALIZED_AUTOS = YES_AGGRESSIVE;
				GCC_WARN_UNUSED_FUNCTION = YES;
				GCC_WARN_UNUSED_VARIABLE = YES;
				IPHONEOS_DEPLOYMENT_TARGET = 10.3;
				MTL_ENABLE_DEBUG_INFO = YES;
				ONLY_ACTIVE_ARCH = YES;
				SDKROOT = iphoneos;
				SWIFT_ACTIVE_COMPILATION_CONDITIONS = DEBUG;
				SWIFT_OPTIMIZATION_LEVEL = "-Onone";
				TARGETED_DEVICE_FAMILY = "1,2";
			};
			name = Debug;
		};
		341D354C1EFA0F53007FDB8A /* Release */ = {
			isa = XCBuildConfiguration;
			buildSettings = {
				ALWAYS_SEARCH_USER_PATHS = NO;
				CLANG_ANALYZER_NONNULL = YES;
				CLANG_ANALYZER_NUMBER_OBJECT_CONVERSION = YES_AGGRESSIVE;
				CLANG_CXX_LANGUAGE_STANDARD = "gnu++0x";
				CLANG_CXX_LIBRARY = "libc++";
				CLANG_ENABLE_MODULES = YES;
				CLANG_ENABLE_OBJC_ARC = YES;
				CLANG_WARN_BOOL_CONVERSION = YES;
				CLANG_WARN_CONSTANT_CONVERSION = YES;
				CLANG_WARN_DIRECT_OBJC_ISA_USAGE = YES_ERROR;
				CLANG_WARN_DOCUMENTATION_COMMENTS = YES;
				CLANG_WARN_EMPTY_BODY = YES;
				CLANG_WARN_ENUM_CONVERSION = YES;
				CLANG_WARN_INFINITE_RECURSION = YES;
				CLANG_WARN_INT_CONVERSION = YES;
				CLANG_WARN_OBJC_ROOT_CLASS = YES_ERROR;
				CLANG_WARN_SUSPICIOUS_MOVE = YES;
				CLANG_WARN_UNREACHABLE_CODE = YES;
				CLANG_WARN__DUPLICATE_METHOD_MATCH = YES;
				"CODE_SIGN_IDENTITY[sdk=iphoneos*]" = "iPhone Developer";
				COPY_PHASE_STRIP = NO;
				DEBUG_INFORMATION_FORMAT = "dwarf-with-dsym";
				ENABLE_NS_ASSERTIONS = NO;
				ENABLE_STRICT_OBJC_MSGSEND = YES;
				GCC_C_LANGUAGE_STANDARD = gnu99;
				GCC_NO_COMMON_BLOCKS = YES;
				GCC_WARN_64_TO_32_BIT_CONVERSION = YES;
				GCC_WARN_ABOUT_RETURN_TYPE = YES_ERROR;
				GCC_WARN_UNDECLARED_SELECTOR = YES;
				GCC_WARN_UNINITIALIZED_AUTOS = YES_AGGRESSIVE;
				GCC_WARN_UNUSED_FUNCTION = YES;
				GCC_WARN_UNUSED_VARIABLE = YES;
				IPHONEOS_DEPLOYMENT_TARGET = 10.3;
				MTL_ENABLE_DEBUG_INFO = NO;
				SDKROOT = iphoneos;
				SWIFT_OPTIMIZATION_LEVEL = "-Owholemodule";
				TARGETED_DEVICE_FAMILY = "1,2";
				VALIDATE_PRODUCT = YES;
			};
			name = Release;
		};
		341D354E1EFA0F53007FDB8A /* Debug */ = {
			isa = XCBuildConfiguration;
			buildSettings = {
				ASSETCATALOG_COMPILER_APPICON_NAME = AppIcon;
				INFOPLIST_FILE = "Minhas Viagens/Info.plist";
				LD_RUNPATH_SEARCH_PATHS = "$(inherited) @executable_path/Frameworks";
				PRODUCT_BUNDLE_IDENTIFIER = "com.rlzsystem.udemy.Minhas-Viagens";
				PRODUCT_NAME = "$(TARGET_NAME)";
				SWIFT_VERSION = 3.0;
			};
			name = Debug;
		};
		341D354F1EFA0F53007FDB8A /* Release */ = {
			isa = XCBuildConfiguration;
			buildSettings = {
				ASSETCATALOG_COMPILER_APPICON_NAME = AppIcon;
				INFOPLIST_FILE = "Minhas Viagens/Info.plist";
				LD_RUNPATH_SEARCH_PATHS = "$(inherited) @executable_path/Frameworks";
				PRODUCT_BUNDLE_IDENTIFIER = "com.rlzsystem.udemy.Minhas-Viagens";
				PRODUCT_NAME = "$(TARGET_NAME)";
				SWIFT_VERSION = 3.0;
			};
			name = Release;
		};
/* End XCBuildConfiguration section */

/* Begin XCConfigurationList section */
		341D35361EFA0F53007FDB8A /* Build configuration list for PBXProject "Minhas Viagens" */ = {
			isa = XCConfigurationList;
			buildConfigurations = (
				341D354B1EFA0F53007FDB8A /* Debug */,
				341D354C1EFA0F53007FDB8A /* Release */,
			);
			defaultConfigurationIsVisible = 0;
			defaultConfigurationName = Release;
		};
		341D354D1EFA0F53007FDB8A /* Build configuration list for PBXNativeTarget "Minhas Viagens" */ = {
			isa = XCConfigurationList;
			buildConfigurations = (
				341D354E1EFA0F53007FDB8A /* Debug */,
				341D354F1EFA0F53007FDB8A /* Release */,
			);
			defaultConfigurationIsVisible = 0;
			defaultConfigurationName = Release;
		};
/* End XCConfigurationList section */
	};
	rootObject = 341D35331EFA0F53007FDB8A /* Project object */;
}
